<?xml version="1.0" encoding="utf-8"?>
<Project ToolsVersion="4.0" xmlns="http://schemas.microsoft.com/developer/msbuild/2003">
  <ItemGroup>
    <Filter Include="Source Files">
      <UniqueIdentifier>{4FC737F1-C7A5-4376-A066-2A32D752A2FF}</UniqueIdentifier>
      <Extensions>cpp;c;cc;cxx;c++;cppm;ixx;def;odl;idl;hpj;bat;asm;asmx</Extensions>
    </Filter>
    <Filter Include="Header Files">
      <UniqueIdentifier>{93995380-89BD-4b04-88EB-625FBE52EBFB}</UniqueIdentifier>
      <Extensions>h;hh;hpp;hxx;h++;hm;inl;inc;ipp;xsd</Extensions>
    </Filter>
    <Filter Include="Resource Files">
      <UniqueIdentifier>{67DA6AB6-F800-4c08-8B7A-83BB121AAD01}</UniqueIdentifier>
      <Extensions>rc;ico;cur;bmp;dlg;rc2;rct;bin;rgs;gif;jpg;jpeg;jpe;resx;tiff;tif;png;wav;mfcribbon-ms</Extensions>
    </Filter>
    <Filter Include="Source Files\patches">
      <UniqueIdentifier>{07414658-94c4-46f9-af46-4eaa3dde0a74}</UniqueIdentifier>
    </Filter>
    <Filter Include="Source Files\patches\ToE_fixes">
      <UniqueIdentifier>{1a500135-d466-436f-841c-69f830b8cf32}</UniqueIdentifier>
    </Filter>
    <Filter Include="x86">
      <UniqueIdentifier>{21f79173-54be-48d2-998a-cb5f15cd0ae9}</UniqueIdentifier>
    </Filter>
    <Filter Include="x64">
      <UniqueIdentifier>{529c2f3a-7650-45c4-84c3-5f52695c3b56}</UniqueIdentifier>
    </Filter>
    <Filter Include="Source Files\patches\Core">
      <UniqueIdentifier>{cf0ba43a-fa94-4398-9b64-0c8c0e590f63}</UniqueIdentifier>
    </Filter>
    <Filter Include="Source Files\patches\Artefacts">
      <UniqueIdentifier>{455fcc9d-acf4-40f8-8b36-7f30ab2908ad}</UniqueIdentifier>
    </Filter>
    <Filter Include="Source Files\patches\Other">
      <UniqueIdentifier>{9ad162a5-d4fd-4d02-85f2-ba4567aeecb6}</UniqueIdentifier>
    </Filter>
    <Filter Include="Source Files\patches\Combat">
      <UniqueIdentifier>{78f5ea88-b8f6-4446-af0d-fc3db085973a}</UniqueIdentifier>
    </Filter>
    <Filter Include="Source Files\patches\Skills">
      <UniqueIdentifier>{3df49db5-5726-4fe1-954c-44a96950899c}</UniqueIdentifier>
    </Filter>
    <Filter Include="Source Files\patches\Spells">
      <UniqueIdentifier>{59792d36-aaeb-4d7b-841e-d6a77b90fea6}</UniqueIdentifier>
    </Filter>
    <Filter Include="Source Files\patches\Heroes">
      <UniqueIdentifier>{69d73a8a-e1df-4872-a03c-af68e1f2f233}</UniqueIdentifier>
    </Filter>
  </ItemGroup>
  <ItemGroup>
    <ClInclude Include="framework.h">
      <Filter>Header Files</Filter>
    </ClInclude>
    <ClInclude Include="pch.h">
      <Filter>Header Files</Filter>
    </ClInclude>
    <ClInclude Include="globals.h">
      <Filter>Header Files</Filter>
    </ClInclude>
    <ClInclude Include="mainH5.h">
      <Filter>Header Files</Filter>
    </ClInclude>
    <ClInclude Include="pugixml.hpp">
      <Filter>Header Files</Filter>
    </ClInclude>
  </ItemGroup>
  <ItemGroup>
    <ClCompile Include="dllmain.cpp">
      <Filter>Source Files</Filter>
    </ClCompile>
    <ClCompile Include="pch.cpp">
      <Filter>Source Files</Filter>
    </ClCompile>
    <ClCompile Include="utility_functions.cpp">
      <Filter>Source Files</Filter>
    </ClCompile>
    <ClCompile Include="globals.cpp">
      <Filter>Source Files</Filter>
    </ClCompile>
    <ClCompile Include="EmpoweredArmageddonFixes.cpp">
      <Filter>Source Files\patches\ToE_fixes</Filter>
    </ClCompile>
    <ClCompile Include="ArcaneRenewalFix.cpp">
      <Filter>Source Files\patches\ToE_fixes</Filter>
    </ClCompile>
    <ClCompile Include="EnlightenmentForBarbsFix.cpp">
      <Filter>Source Files\patches\ToE_fixes</Filter>
    </ClCompile>
    <ClCompile Include="SnareFix.cpp">
      <Filter>Source Files\patches\ToE_fixes</Filter>
    </ClCompile>
    <ClCompile Include="mainH5.cpp">
      <Filter>Source Files</Filter>
    </ClCompile>
    <ClCompile Include="ImbueBalistaAtbFix.cpp">
      <Filter>Source Files\patches\ToE_fixes</Filter>
    </ClCompile>
    <ClCompile Include="RuneOfTheDragonForm.cpp">
      <Filter>Source Files\patches\ToE_fixes</Filter>
    </ClCompile>
    <ClCompile Include="CombatAIFix.cpp">
      <Filter>Source Files\patches\ToE_fixes</Filter>
    </ClCompile>
    <ClCompile Include="AgilityFix.cpp">
      <Filter>Source Files\patches\ToE_fixes</Filter>
    </ClCompile>
    <ClCompile Include="EliteCastersFix.cpp">
      <Filter>Source Files\patches\ToE_fixes</Filter>
    </ClCompile>
    <ClCompile Include="pugixml.cpp">
      <Filter>Source Files</Filter>
    </ClCompile>
    <ClCompile Include="EnableScripts.cpp">
      <Filter>Source Files\patches\Core</Filter>
    </ClCompile>
    <ClCompile Include="ModHealth.cpp">
      <Filter>Source Files\patches\Artefacts</Filter>
    </ClCompile>
    <ClCompile Include="EnablePEST.cpp">
      <Filter>Source Files\patches\Core</Filter>
    </ClCompile>
    <ClCompile Include="StackSplit1.cpp">
      <Filter>Source Files\patches\Other</Filter>
    </ClCompile>
    <ClCompile Include="TrainingGrounds.cpp">
      <Filter>Source Files\patches\Other</Filter>
    </ClCompile>
    <ClCompile Include="HeroScreenUI.cpp">
      <Filter>Source Files\patches\Core</Filter>
    </ClCompile>
    <ClCompile Include="BattlefieldSize.cpp">
      <Filter>Source Files\patches\Core</Filter>
    </ClCompile>
    <ClCompile Include="AtbTweaks.cpp">
      <Filter>Source Files\patches\Combat</Filter>
    </ClCompile>
    <ClCompile Include="BaseMorale.cpp">
      <Filter>Source Files\patches\Other</Filter>
    </ClCompile>
    <ClCompile Include="CreatureSpellpower.cpp">
      <Filter>Source Files\patches\Combat</Filter>
    </ClCompile>
    <ClCompile Include="FirstAidTent.cpp">
      <Filter>Source Files\patches\Combat</Filter>
    </ClCompile>
    <ClCompile Include="BallistaCatapult.cpp">
      <Filter>Source Files\patches\Combat</Filter>
    </ClCompile>
    <ClCompile Include="HeroMaxSkills.cpp">
      <Filter>Source Files\patches\Core</Filter>
    </ClCompile>
    <ClCompile Include="ElementalWarriors.cpp">
      <Filter>Source Files\patches\Skills</Filter>
    </ClCompile>
    <ClCompile Include="RetaliationStrikeFix.cpp">
      <Filter>Source Files\patches\ToE_fixes</Filter>
    </ClCompile>
    <ClCompile Include="OffensiveDefensiveFormation.cpp">
      <Filter>Source Files\patches\Skills</Filter>
    </ClCompile>
    <ClCompile Include="EnlightenmentStats.cpp">
      <Filter>Source Files\patches\Skills</Filter>
    </ClCompile>
    <ClCompile Include="Avengers.cpp">
      <Filter>Source Files\patches\Skills</Filter>
    </ClCompile>
    <ClCompile Include="Arcanism.cpp">
      <Filter>Source Files\patches\Skills</Filter>
    </ClCompile>
    <ClCompile Include="ChillingBones.cpp">
      <Filter>Source Files\patches\Skills</Filter>
    </ClCompile>
    <ClCompile Include="ErraticMana.cpp">
      <Filter>Source Files\patches\Skills</Filter>
    </ClCompile>
    <ClCompile Include="CreatureAbilitiesTweaks.cpp">
      <Filter>Source Files\patches\Combat</Filter>
    </ClCompile>
    <ClCompile Include="ModLuck.cpp">
      <Filter>Source Files\patches\Artefacts</Filter>
    </ClCompile>
    <ClCompile Include="ModMorale.cpp">
      <Filter>Source Files\patches\Artefacts</Filter>
    </ClCompile>
    <ClCompile Include="BarbarianShrineExp.cpp">
      <Filter>Source Files\patches\Other</Filter>
    </ClCompile>
    <ClCompile Include="HeroMovement.cpp">
      <Filter>Source Files\patches\Heroes</Filter>
    </ClCompile>
    <ClCompile Include="HeroSpecCovenMistress.cpp">
      <Filter>Source Files\patches\Heroes</Filter>
    </ClCompile>
    <ClCompile Include="LevelCurve.cpp">
      <Filter>Source Files\patches\Core</Filter>
    </ClCompile>
    <ClCompile Include="TowerDamage.cpp">
      <Filter>Source Files\patches\Combat</Filter>
    </ClCompile>
    <ClCompile Include="ColdDeathFix.cpp">
      <Filter>Source Files\patches\ToE_fixes</Filter>
    </ClCompile>
    <ClCompile Include="WarMachineTier.cpp">
      <Filter>Source Files\patches\Other</Filter>
    </ClCompile>
    <ClCompile Include="ChainLightning.cpp">
      <Filter>Source Files\patches\Spells</Filter>
    </ClCompile>
    <ClCompile Include="Earthquake.cpp">
      <Filter>Source Files\patches\Spells</Filter>
    </ClCompile>
    <ClCompile Include="Frenzy.cpp">
      <Filter>Source Files\patches\Spells</Filter>
    </ClCompile>
    <ClCompile Include="Vulnerability.cpp">
      <Filter>Source Files\patches\Spells</Filter>
    </ClCompile>
    <ClCompile Include="ArtifactTweaks.cpp">
      <Filter>Source Files\patches\Artefacts</Filter>
    </ClCompile>
    <ClCompile Include="ModMagicResist.cpp">
      <Filter>Source Files\patches\Artefacts</Filter>
    </ClCompile>
    <ClCompile Include="ModSpellImmune.cpp">
      <Filter>Source Files\patches\Artefacts</Filter>
    </ClCompile>
    <ClCompile Include="ModElementalDamages.cpp">
      <Filter>Source Files\patches\Artefacts</Filter>
    </ClCompile>
    <ClCompile Include="ModInitiative.cpp">
      <Filter>Source Files\patches\Artefacts</Filter>
    </ClCompile>
    <ClCompile Include="ModManaCost.cpp">
      <Filter>Source Files\patches\Artefacts</Filter>
    </ClCompile>
    <ClCompile Include="ModSpeed.cpp">
      <Filter>Source Files\patches\Artefacts</Filter>
    </ClCompile>
    <ClCompile Include="UnholyWordImmunitiesFix.cpp">
      <Filter>Source Files\patches\ToE_fixes</Filter>
    </ClCompile>
    <ClCompile Include="ModSpellProof.cpp">
      <Filter>Source Files\patches\Artefacts</Filter>
    </ClCompile>
    <ClCompile Include="LightningStun.cpp">
      <Filter>Source Files\patches\Spells</Filter>
    </ClCompile>
    <ClCompile Include="WeakeningStrike.cpp">
      <Filter>Source Files\patches\Skills</Filter>
    </ClCompile>
    <ClCompile Include="HeroSpecStormcaller.cpp">
      <Filter>Source Files\patches\Heroes</Filter>
    </ClCompile>
    <ClCompile Include="HeroSpecEmbalmer.cpp">
      <Filter>Source Files\patches\Heroes</Filter>
    </ClCompile>
    <ClCompile Include="HeroSpecMasterOfElements.cpp">
      <Filter>Source Files\patches\Heroes</Filter>
    </ClCompile>
    <ClCompile Include="MasterOfAnimation.cpp">
      <Filter>Source Files\patches\Skills</Filter>
    </ClCompile>
    <ClCompile Include="VengefulLight.cpp">
      <Filter>Source Files\patches\Skills</Filter>
    </ClCompile>
    <ClCompile Include="HeroSpecOverheater.cpp">
      <Filter>Source Files\patches\Heroes</Filter>
    </ClCompile>
    <ClCompile Include="ElementalVision.cpp">
      <Filter>Source Files\patches\Skills</Filter>
    </ClCompile>
    <ClCompile Include="ModAttack.cpp">
      <Filter>Source Files\patches\Artefacts</Filter>
    </ClCompile>
    <ClCompile Include="ModDefense.cpp">
      <Filter>Source Files\patches\Artefacts</Filter>
    </ClCompile>
    <ClCompile Include="ModDamageOutput.cpp">
      <Filter>Source Files\patches\Artefacts</Filter>
    </ClCompile>
    <ClCompile Include="Combat.cpp">
      <Filter>Source Files\patches\Skills</Filter>
    </ClCompile>
    <ClCompile Include="Artificier.cpp">
      <Filter>Source Files\patches\Skills</Filter>
    </ClCompile>
    <ClCompile Include="ConjureAtb.cpp">
      <Filter>Source Files\patches\Spells</Filter>
    </ClCompile>
    <ClCompile Include="LearnWarcries.cpp">
      <Filter>Source Files\patches\Other</Filter>
    </ClCompile>
    <ClCompile Include="GoldenGoose.cpp">
      <Filter>Source Files\patches\Artefacts</Filter>
    </ClCompile>
    <ClCompile Include="Twilight.cpp">
      <Filter>Source Files\patches\Skills</Filter>
    </ClCompile>
    <ClCompile Include="BookOfPowerFixes.cpp">
      <Filter>Source Files\patches\ToE_fixes</Filter>
    </ClCompile>
    <ClCompile Include="EncourageFix.cpp">
      <Filter>Source Files\patches\ToE_fixes</Filter>
    </ClCompile>
    <ClCompile Include="MasterOfFireFix.cpp">
      <Filter>Source Files\patches\ToE_fixes</Filter>
    </ClCompile>
    <ClCompile Include="ModElementalResistance.cpp">
      <Filter>Source Files\patches\Artefacts</Filter>
    </ClCompile>
    <ClCompile Include="Fortunate.cpp">
      <Filter>Source Files\patches\Combat</Filter>
    </ClCompile>
  </ItemGroup>
  <ItemGroup>
    <None Include="x86\MinHook.dll">
      <Filter>x86</Filter>
    </None>
    <None Include="x64\MinHook.dll">
      <Filter>x64</Filter>
    </None>
    <None Include="packages.config" />
  </ItemGroup>
</Project>