<?xml version="1.0" encoding="utf-8"?>
<Project ToolsVersion="4.0" xmlns="http://schemas.microsoft.com/developer/msbuild/2003">
  <ItemGroup>
    <Filter Include="Source Files">
      <UniqueIdentifier>{4FC737F1-C7A5-4376-A066-2A32D752A2FF}</UniqueIdentifier>
      <Extensions>cpp;c;cc;cxx;c++;cppm;ixx;def;odl;idl;hpj;bat;asm;asmx</Extensions>
    </Filter>
    <Filter Include="Header Files">
      <UniqueIdentifier>{93995380-89BD-4b04-88EB-625FBE52EBFB}</UniqueIdentifier>
      <Extensions>h;hh;hpp;hxx;h++;hm;inl;inc;ipp;xsd</Extensions>
    </Filter>
    <Filter Include="Resource Files">
      <UniqueIdentifier>{67DA6AB6-F800-4c08-8B7A-83BB121AAD01}</UniqueIdentifier>
      <Extensions>rc;ico;cur;bmp;dlg;rc2;rct;bin;rgs;gif;jpg;jpeg;jpe;resx;tiff;tif;png;wav;mfcribbon-ms</Extensions>
    </Filter>
    <Filter Include="Source Files\patches">
      <UniqueIdentifier>{07414658-94c4-46f9-af46-4eaa3dde0a74}</UniqueIdentifier>
    </Filter>
    <Filter Include="Source Files\patches\ToE_fixes">
      <UniqueIdentifier>{1a500135-d466-436f-841c-69f830b8cf32}</UniqueIdentifier>
    </Filter>
    <Filter Include="x86">
      <UniqueIdentifier>{21f79173-54be-48d2-998a-cb5f15cd0ae9}</UniqueIdentifier>
    </Filter>
    <Filter Include="x64">
      <UniqueIdentifier>{529c2f3a-7650-45c4-84c3-5f52695c3b56}</UniqueIdentifier>
    </Filter>
    <Filter Include="Source Files\patches\Core">
      <UniqueIdentifier>{cf0ba43a-fa94-4398-9b64-0c8c0e590f63}</UniqueIdentifier>
    </Filter>
    <Filter Include="Source Files\patches\Artefacts">
      <UniqueIdentifier>{455fcc9d-acf4-40f8-8b36-7f30ab2908ad}</UniqueIdentifier>
    </Filter>
    <Filter Include="Source Files\patches\Other">
      <UniqueIdentifier>{9ad162a5-d4fd-4d02-85f2-ba4567aeecb6}</UniqueIdentifier>
    </Filter>
    <Filter Include="Source Files\patches\Combat">
      <UniqueIdentifier>{78f5ea88-b8f6-4446-af0d-fc3db085973a}</UniqueIdentifier>
    </Filter>
    <Filter Include="Source Files\patches\Skills">
      <UniqueIdentifier>{3df49db5-5726-4fe1-954c-44a96950899c}</UniqueIdentifier>
    </Filter>
    <Filter Include="Source Files\patches\Spells">
      <UniqueIdentifier>{59792d36-aaeb-4d7b-841e-d6a77b90fea6}</UniqueIdentifier>
    </Filter>
    <Filter Include="Source Files\patches\Heroes">
      <UniqueIdentifier>{69d73a8a-e1df-4872-a03c-af68e1f2f233}</UniqueIdentifier>
    </Filter>
    <Filter Include="Source Files\patches\Functions">
      <UniqueIdentifier>{6775d6c7-892a-49d7-9688-4934fae2fbe2}</UniqueIdentifier>
    </Filter>
    <Filter Include="Header Files\Structs">
      <UniqueIdentifier>{d465e0a8-4229-49f2-8080-6ab0358af6fb}</UniqueIdentifier>
    </Filter>
    <Filter Include="Source Files\Structs">
      <UniqueIdentifier>{dfbb2637-a488-440a-9215-d431c8d59b2f}</UniqueIdentifier>
    </Filter>
    <Filter Include="Header Files\Types">
      <UniqueIdentifier>{abd3a7ef-8aea-4206-b048-856dc77fca4b}</UniqueIdentifier>
    </Filter>
    <Filter Include="Source Files\Types">
      <UniqueIdentifier>{6fe3c9ce-4274-44ac-b2f0-906851aafd27}</UniqueIdentifier>
    </Filter>
  </ItemGroup>
  <ItemGroup>
    <ClInclude Include="src/mainH5.h">
      <Filter>Header Files</Filter>
    </ClInclude>
    <ClInclude Include="src/framework.h">
      <Filter>Header Files</Filter>
    </ClInclude>
    <ClInclude Include="src/globals.h">
      <Filter>Header Files</Filter>
    </ClInclude>
    <ClInclude Include="src/pch.h">
      <Filter>Header Files</Filter>
    </ClInclude>
    <ClInclude Include="src/types/Artifacts.h">
      <Filter>Header Files\Types</Filter>
    </ClInclude>
    <ClInclude Include="src/types/Functions.h">
      <Filter>Header Files\Types</Filter>
    </ClInclude>
    <ClInclude Include="src/structs/Hero.h">
      <Filter>Header Files\Structs</Filter>
    </ClInclude>
    <ClInclude Include="src\pugixml.hpp">
      <Filter>Header Files</Filter>
    </ClInclude>
    <ClInclude Include="src\types\Skills.h">
      <Filter>Header Files\Types</Filter>
    </ClInclude>
    <ClInclude Include="src\types\Skill.h">
      <Filter>Header Files\Structs</Filter>
    </ClInclude>
  </ItemGroup>
  <ItemGroup>
    <ClCompile Include="src/dllmain.cpp">
      <Filter>Source Files</Filter>
    </ClCompile>
    <ClCompile Include="src/mainH5.cpp">
      <Filter>Source Files</Filter>
    </ClCompile>
    <ClCompile Include="src/globals.cpp">
      <Filter>Source Files</Filter>
    </ClCompile>
    <ClCompile Include="src/pch.cpp">
      <Filter>Source Files</Filter>
    </ClCompile>
    <ClCompile Include="src/utility_functions.cpp">
      <Filter>Source Files</Filter>
    </ClCompile>
    <ClCompile Include="src/patches/AgilityFix.cpp">
      <Filter>Source Files\patches\ToE_fixes</Filter>
    </ClCompile>
    <ClCompile Include="src/patches/ArcaneRenewalFix.cpp">
      <Filter>Source Files\patches\ToE_fixes</Filter>
    </ClCompile>
    <ClCompile Include="src/patches/AllSeeingCrown.cpp">
      <Filter>Source Files\patches\Artefacts</Filter>
    </ClCompile>
    <ClCompile Include="src/patches/ArcaneBrillance.cpp">
      <Filter>Source Files\patches\Skills</Filter>
    </ClCompile>
    <ClCompile Include="src/patches/Arcanism.cpp">
      <Filter>Source Files\patches\Skills</Filter>
    </ClCompile>
    <ClCompile Include="src/patches/Artificier.cpp">
      <Filter>Source Files\patches\Skills</Filter>
    </ClCompile>
    <ClCompile Include="src/patches/AtbTweaks.cpp">
      <Filter>Source Files\patches\Combat</Filter>
    </ClCompile>
    <ClCompile Include="src/patches/Avengers.cpp">
      <Filter>Source Files\patches\Skills</Filter>
    </ClCompile>
    <ClCompile Include="src/patches/BallistaCatapult.cpp">
      <Filter>Source Files\patches\Combat</Filter>
    </ClCompile>
    <ClCompile Include="src/patches/BarbarianShrineExp.cpp">
      <Filter>Source Files\patches\Other</Filter>
    </ClCompile>
    <ClCompile Include="src/patches/BarbarianSkillsLinks.cpp">
      <Filter>Source Files\patches\Skills</Filter>
    </ClCompile>
    <ClCompile Include="src/patches/BaseMorale.cpp">
      <Filter>Source Files\patches\Other</Filter>
    </ClCompile>
    <ClCompile Include="src/patches/BattlefieldSize.cpp">
      <Filter>Source Files\patches\Core</Filter>
    </ClCompile>
    <ClCompile Include="src/patches/BookOfPowerFixes.cpp">
      <Filter>Source Files\patches\ToE_fixes</Filter>
    </ClCompile>
    <ClCompile Include="src/patches/ChainLightning.cpp">
      <Filter>Source Files\patches\Spells</Filter>
    </ClCompile>
    <ClCompile Include="src/patches/ChillingBones.cpp">
      <Filter>Source Files\patches\Skills</Filter>
    </ClCompile>
    <ClCompile Include="src/patches/ColdDeathFix.cpp">
      <Filter>Source Files\patches\ToE_fixes</Filter>
    </ClCompile>
    <ClCompile Include="src/patches/Combat.cpp">
      <Filter>Source Files\patches\Skills</Filter>
    </ClCompile>
    <ClCompile Include="src/patches/CombatAIFix.cpp">
      <Filter>Source Files\patches\ToE_fixes</Filter>
    </ClCompile>
    <ClCompile Include="src/patches/ConjureAtb.cpp">
      <Filter>Source Files\patches\Spells</Filter>
    </ClCompile>
    <ClCompile Include="src/patches/CreatureAbilitiesTweaks.cpp">
      <Filter>Source Files\patches\Combat</Filter>
    </ClCompile>
    <ClCompile Include="src/patches/CreatureSpellpower.cpp">
      <Filter>Source Files\patches\Combat</Filter>
    </ClCompile>
    <ClCompile Include="src/patches/Earthquake.cpp">
      <Filter>Source Files\patches\Spells</Filter>
    </ClCompile>
    <ClCompile Include="src/patches/ElementalVision.cpp">
      <Filter>Source Files\patches\Skills</Filter>
    </ClCompile>
    <ClCompile Include="src/patches/ElementalWarriors.cpp">
      <Filter>Source Files\patches\Skills</Filter>
    </ClCompile>
    <ClCompile Include="src/patches/EliteCastersFix.cpp">
      <Filter>Source Files\patches\ToE_fixes</Filter>
    </ClCompile>
    <ClCompile Include="src/patches/EmpoweredArmageddonFixes.cpp">
      <Filter>Source Files\patches\ToE_fixes</Filter>
    </ClCompile>
    <ClCompile Include="src/patches/EnablePEST.cpp">
      <Filter>Source Files\patches\Core</Filter>
    </ClCompile>
    <ClCompile Include="src/patches/EnableScripts.cpp">
      <Filter>Source Files\patches\Core</Filter>
    </ClCompile>
    <ClCompile Include="src/patches/EncourageFix.cpp">
      <Filter>Source Files\patches\ToE_fixes</Filter>
    </ClCompile>
    <ClCompile Include="src/patches/EnlightenmentForBarbsFix.cpp">
      <Filter>Source Files\patches\ToE_fixes</Filter>
    </ClCompile>
    <ClCompile Include="src/patches/EnlightenmentStats.cpp">
      <Filter>Source Files\patches\Skills</Filter>
    </ClCompile>
    <ClCompile Include="src/patches/ErraticMana.cpp">
      <Filter>Source Files\patches\Skills</Filter>
    </ClCompile>
    <ClCompile Include="src/patches/FirstAidTent.cpp">
      <Filter>Source Files\patches\Combat</Filter>
    </ClCompile>
    <ClCompile Include="src/types/Functions.cpp">
      <Filter>Source Files\Types</Filter>
    </ClCompile>
    <ClCompile Include="src/patches/HeroSpecWorldBreaker.cpp">
      <Filter>Source Files\patches\Heroes</Filter>
    </ClCompile>
    <ClCompile Include="src/patches/HeroSpecCovenMistress.cpp">
      <Filter>Source Files\patches\Heroes</Filter>
    </ClCompile>
    <ClCompile Include="src/patches/HeroSpecElementalist.cpp">
      <Filter>Source Files\patches\Heroes</Filter>
    </ClCompile>
    <ClCompile Include="src/patches/HeroSpecEmbalmer.cpp">
      <Filter>Source Files\patches\Heroes</Filter>
    </ClCompile>
    <ClCompile Include="src/patches/HeroSpecEnlightened.cpp">
      <Filter>Source Files\patches\Heroes</Filter>
    </ClCompile>
    <ClCompile Include="src/patches/HeroSpecExhauster.cpp">
      <Filter>Source Files\patches\Heroes</Filter>
    </ClCompile>
    <ClCompile Include="src/patches/HeroSpecFootmen.cpp">
      <Filter>Source Files\patches\Heroes</Filter>
    </ClCompile>
    <ClCompile Include="src/patches/HeroSpecLoneHunter.cpp">
      <Filter>Source Files\patches\Heroes</Filter>
    </ClCompile>
    <ClCompile Include="src/patches/HeroSpecMasterOfElements.cpp">
      <Filter>Source Files\patches\Heroes</Filter>
    </ClCompile>
    <ClCompile Include="src/patches/HeroSpecOverheater.cpp">
      <Filter>Source Files\patches\Heroes</Filter>
    </ClCompile>
    <ClCompile Include="src/patches/HeroSpecShamans.cpp">
      <Filter>Source Files\patches\Heroes</Filter>
    </ClCompile>
    <ClCompile Include="src/patches/HeroSpecStormcaller.cpp">
      <Filter>Source Files\patches\Heroes</Filter>
    </ClCompile>
    <ClCompile Include="src/patches/HeroSpecTemptress.cpp">
      <Filter>Source Files\patches\Heroes</Filter>
    </ClCompile>
    <ClCompile Include="src/patches/ModAttack.cpp">
      <Filter>Source Files\patches\Functions</Filter>
    </ClCompile>
    <ClCompile Include="src/patches/ModDamageOutput.cpp">
      <Filter>Source Files\patches\Functions</Filter>
    </ClCompile>
    <ClCompile Include="src/patches/ModDefense.cpp">
      <Filter>Source Files\patches\Functions</Filter>
    </ClCompile>
    <ClCompile Include="src/patches/ModElementalDamages.cpp">
      <Filter>Source Files\patches\Functions</Filter>
    </ClCompile>
    <ClCompile Include="src/patches/ModElementalResistance.cpp">
      <Filter>Source Files\patches\Functions</Filter>
    </ClCompile>
    <ClCompile Include="src/patches/ModHealth.cpp">
      <Filter>Source Files\patches\Functions</Filter>
    </ClCompile>
    <ClCompile Include="src/patches/ModInitiative.cpp">
      <Filter>Source Files\patches\Functions</Filter>
    </ClCompile>
    <ClCompile Include="src/patches/ModLuck.cpp">
      <Filter>Source Files\patches\Functions</Filter>
    </ClCompile>
    <ClCompile Include="src/patches/ModMagicResist.cpp">
      <Filter>Source Files\patches\Functions</Filter>
    </ClCompile>
    <ClCompile Include="src/patches/ModManaCost.cpp">
      <Filter>Source Files\patches\Functions</Filter>
    </ClCompile>
    <ClCompile Include="src/patches/ModMorale.cpp">
      <Filter>Source Files\patches\Functions</Filter>
    </ClCompile>
    <ClCompile Include="src/patches/ModSpeed.cpp">
      <Filter>Source Files\patches\Functions</Filter>
    </ClCompile>
    <ClCompile Include="src/patches/ModSpellImmune.cpp">
      <Filter>Source Files\patches\Functions</Filter>
    </ClCompile>
    <ClCompile Include="src/patches/ModSpellProof.cpp">
      <Filter>Source Files\patches\Functions</Filter>
    </ClCompile>
    <ClCompile Include="src/patches/Fortunate.cpp">
      <Filter>Source Files\patches\Combat</Filter>
    </ClCompile>
    <ClCompile Include="src/patches/LevelCurve.cpp">
      <Filter>Source Files\patches\Core</Filter>
    </ClCompile>
    <ClCompile Include="src/patches/HeroScreenUI.cpp">
      <Filter>Source Files\patches\Core</Filter>
    </ClCompile>
    <ClCompile Include="src/patches/HeroMaxSkills.cpp">
      <Filter>Source Files\patches\Core</Filter>
    </ClCompile>
    <ClCompile Include="src/patches/WandOfSpell.cpp">
      <Filter>Source Files\patches\Artefacts</Filter>
    </ClCompile>
    <ClCompile Include="src/patches/ShieldOfCristalIce.cpp">
      <Filter>Source Files\patches\Artefacts</Filter>
    </ClCompile>
    <ClCompile Include="src/patches/GoldenGoose.cpp">
      <Filter>Source Files\patches\Artefacts</Filter>
    </ClCompile>
    <ClCompile Include="src/patches/WeakeningStrike.cpp">
      <Filter>Source Files\patches\Skills</Filter>
    </ClCompile>
    <ClCompile Include="src/patches/VengefulLight.cpp">
      <Filter>Source Files\patches\Skills</Filter>
    </ClCompile>
    <ClCompile Include="src/patches/Twilight.cpp">
      <Filter>Source Files\patches\Skills</Filter>
    </ClCompile>
    <ClCompile Include="src/patches/Pariah.cpp">
      <Filter>Source Files\patches\Skills</Filter>
    </ClCompile>
    <ClCompile Include="src/patches/Vulnerability.cpp">
      <Filter>Source Files\patches\Spells</Filter>
    </ClCompile>
    <ClCompile Include="src/patches/Frenzy.cpp">
      <Filter>Source Files\patches\Spells</Filter>
    </ClCompile>
    <ClCompile Include="src/patches/HeroMovement.cpp">
      <Filter>Source Files\patches\Heroes</Filter>
    </ClCompile>
    <ClCompile Include="src/patches/RetaliationStrikeFix.cpp">
      <Filter>Source Files\patches\ToE_fixes</Filter>
    </ClCompile>
    <ClCompile Include="src/patches/SnareFix.cpp">
      <Filter>Source Files\patches\ToE_fixes</Filter>
    </ClCompile>
    <ClCompile Include="src/patches/UnholyWordImmunitiesFix.cpp">
      <Filter>Source Files\patches\ToE_fixes</Filter>
    </ClCompile>
    <ClCompile Include="src/patches/ImbueBalistaAtbFix.cpp">
      <Filter>Source Files\patches\ToE_fixes</Filter>
    </ClCompile>
    <ClCompile Include="src/patches/WarMachineTier.cpp">
      <Filter>Source Files\patches\Other</Filter>
    </ClCompile>
    <ClCompile Include="src/patches/RuneOfTheDragonForm.cpp">
      <Filter>Source Files\patches\Other</Filter>
    </ClCompile>
    <ClCompile Include="src/patches/StackSplit1.cpp">
      <Filter>Source Files\patches\Other</Filter>
    </ClCompile>
    <ClCompile Include="src/patches/LightningStun.cpp">
      <Filter>Source Files\patches\Spells</Filter>
    </ClCompile>
    <ClCompile Include="src/patches/LearnWarcries.cpp">
      <Filter>Source Files\patches\Other</Filter>
    </ClCompile>
    <ClCompile Include="src/patches/TrainingGrounds.cpp">
      <Filter>Source Files\patches\Other</Filter>
    </ClCompile>
    <ClCompile Include="src/patches/TownBuildingTweaks.cpp">
      <Filter>Source Files\patches\Other</Filter>
    </ClCompile>
    <ClCompile Include="src/patches/TowerDamage.cpp">
      <Filter>Source Files\patches\Combat</Filter>
    </ClCompile>
    <ClCompile Include="src/patches/MasterOfFireFix.cpp">
      <Filter>Source Files\patches\ToE_fixes</Filter>
    </ClCompile>
    <ClCompile Include="src\patches\SkillEffectDisable.cpp">
      <Filter>Source Files\patches\Skills</Filter>
    </ClCompile>
    <ClCompile Include="src/patches/OffensiveDefensiveFormation.cpp">
      <Filter>Source Files\patches\Skills</Filter>
    </ClCompile>
    <ClCompile Include="src\pugixml.cpp">
      <Filter>Source Files</Filter>
    </ClCompile>
    <ClCompile Include="src\patches\PendantOfMastery.cpp">
      <Filter>Source Files\patches\Artefacts</Filter>
    </ClCompile>
    <ClCompile Include="src\patches\LuaTweaks.cpp">
      <Filter>Source Files\patches\Other</Filter>
    </ClCompile>
    <ClCompile Include="src\patches\HeroSpecBlackKnights.cpp">
      <Filter>Source Files\patches\Heroes</Filter>
    </ClCompile>
    <ClCompile Include="src\patches\ModAbilities.cpp">
      <Filter>Source Files\patches\Functions</Filter>
    </ClCompile>
    <ClCompile Include="src\patches\Exaltation.cpp">
      <Filter>Source Files\patches\Skills</Filter>
    </ClCompile>
  </ItemGroup>
  <ItemGroup>
    <None Include="x86\MinHook.dll">
      <Filter>x86</Filter>
    </None>
    <None Include="x64\MinHook.dll">
      <Filter>x64</Filter>
    </None>
    <None Include="packages.config" />
  </ItemGroup>
</Project>